{
  "name": "2030-Smart-Home-App",
  "lockfileVersion": 3,
  "requires": true,
  "packages": {
    "": {
      "dependencies": {
        "cookie": "^1.0.2",
        "set-cookie-parser": "^2.7.1",
        "turbo-stream": "^3.1.0"
      }
    },
    "node_modules/cookie": {
      "version": "1.0.2",
      "resolved": "https://registry.npmjs.org/cookie/-/cookie-1.0.2.tgz",
      "integrity": "sha512-9Kr/j4O16ISv8zBBhJoi4bXOYNTkFLOqSL3UDB0njXxCXNezjeyVrJyGOWtgfs/q2km1gwBcfH8q1yEGoMYunA==",
      "engines": {
        "node": ">=18"
      }
    },
    "node_modules/set-cookie-parser": {
      "version": "2.7.1",
      "resolved": "https://registry.npmjs.org/set-cookie-parser/-/set-cookie-parser-2.7.1.tgz",
      "integrity": "sha512-IOc8uWeOZgnb3ptbCURJWNjWUPcO3ZnTTdzsurqERrP6nPyv+paC55vJM0LpOlT2ne+Ix+9+CRG1MNLlyZ4GjQ=="
    },
    "node_modules/turbo-stream": {
      "version": "3.1.0",
      "resolved": "https://registry.npmjs.org/turbo-stream/-/turbo-stream-3.1.0.tgz",
      "integrity": "sha512-tVI25WEXl4fckNEmrq70xU1XumxUwEx/FZD5AgEcV8ri7Wvrg2o7GEq8U7htrNx3CajciGm+kDyhRf5JB6t7/A=="
    }
  }
}
